
Microsoft Visual Studio Solution File, Format Version 12.00
# Visual Studio Version 17
VisualStudioVersion = 17.1.32421.90
MinimumVisualStudioVersion = 10.0.40219.1
Project("{888888A0-9F3D-457C-B088-3A5042F75D52}") = "train2", "train2\train2.pyproj", "{0237E99E-76DC-43C0-8BF9-D1BDD86E350D}"
EndProject
Global
	GlobalSection(SolutionConfigurationPlatforms) = preSolution
		Debug|Any CPU = Debug|Any CPU
		Release|Any CPU = Release|Any CPU
	EndGlobalSection
	GlobalSection(ProjectConfigurationPlatforms) = postSolution
		{0237E99E-76DC-43C0-8BF9-D1BDD86E350D}.Debug|Any CPU.ActiveCfg = Debug|Any CPU
		{0237E99E-76DC-43C0-8BF9-D1BDD86E350D}.Release|Any CPU.ActiveCfg = Release|Any CPU
	EndGlobalSection
	GlobalSection(SolutionProperties) = preSolution
		HideSolutionNode = FALSE
	EndGlobalSection
	GlobalSection(ExtensibilityGlobals) = postSolution
		SolutionGuid = {984CF2D0-95D5-46F3-BBB1-894373E0D196}
	EndGlobalSection
EndGlobal
